
Microsoft Visual Studio Solution File, Format Version 12.00
# Visual Studio Version 17
VisualStudioVersion = 17.10.35027.167
MinimumVisualStudioVersion = 10.0.40219.1
Project("{FAE04EC0-301F-11D3-BF4B-00C04F79EFBC}") = "AzureWebAppContainerCICD", "AzureWebAppContainerCICD.csproj", "{504F47EB-9012-4E2A-BBCF-C6A4F00ABAB9}"
EndProject
Global
	GlobalSection(SolutionConfigurationPlatforms) = preSolution
		Debug|Any CPU = Debug|Any CPU
		Release|Any CPU = Release|Any CPU
	EndGlobalSection
	GlobalSection(ProjectConfigurationPlatforms) = postSolution
		{504F47EB-9012-4E2A-BBCF-C6A4F00ABAB9}.Debug|Any CPU.ActiveCfg = Debug|Any CPU
		{504F47EB-9012-4E2A-BBCF-C6A4F00ABAB9}.Debug|Any CPU.Build.0 = Debug|Any CPU
		{504F47EB-9012-4E2A-BBCF-C6A4F00ABAB9}.Release|Any CPU.ActiveCfg = Release|Any CPU
		{504F47EB-9012-4E2A-BBCF-C6A4F00ABAB9}.Release|Any CPU.Build.0 = Release|Any CPU
	EndGlobalSection
	GlobalSection(SolutionProperties) = preSolution
		HideSolutionNode = FALSE
	EndGlobalSection
	GlobalSection(ExtensibilityGlobals) = postSolution
		SolutionGuid = {88F90043-E3EE-436C-B56F-06269A87EE96}
	EndGlobalSection
EndGlobal
